
Microsoft Visual Studio Solution File, Format Version 12.00
# Visual Studio 2012
Project("{FAE04EC0-301F-11D3-BF4B-00C04F79EFBC}") = "IoC", "IoC\IoC.csproj", "{1AD4F037-8155-4819-AC17-4F75C49FCAB1}"
EndProject
Project("{FAE04EC0-301F-11D3-BF4B-00C04F79EFBC}") = "IoC.Tests", "IoC.Tests\IoC.Tests.csproj", "{F91D4592-5F22-4377-B514-330ADD41E054}"
EndProject
Global
	GlobalSection(SolutionConfigurationPlatforms) = preSolution
		Debug|x86 = Debug|x86
		Release|x86 = Release|x86
	EndGlobalSection
	GlobalSection(ProjectConfigurationPlatforms) = postSolution
		{1AD4F037-8155-4819-AC17-4F75C49FCAB1}.Debug|x86.ActiveCfg = Debug|Any CPU
		{1AD4F037-8155-4819-AC17-4F75C49FCAB1}.Debug|x86.Build.0 = Debug|Any CPU
		{1AD4F037-8155-4819-AC17-4F75C49FCAB1}.Release|x86.ActiveCfg = Release|Any CPU
		{1AD4F037-8155-4819-AC17-4F75C49FCAB1}.Release|x86.Build.0 = Release|Any CPU
		{F91D4592-5F22-4377-B514-330ADD41E054}.Debug|x86.ActiveCfg = Debug|Any CPU
		{F91D4592-5F22-4377-B514-330ADD41E054}.Debug|x86.Build.0 = Debug|Any CPU
		{F91D4592-5F22-4377-B514-330ADD41E054}.Release|x86.ActiveCfg = Release|Any CPU
		{F91D4592-5F22-4377-B514-330ADD41E054}.Release|x86.Build.0 = Release|Any CPU
	EndGlobalSection
EndGlobal
